{
  "version": "5",
  "specifiers": {
    "jsr:@hono/hono@^4.12.7": "4.12.7",
    "jsr:@panth977/functions@^2.4.8": "2.4.8",
    "jsr:@panth977/routes@^2.4.6": "2.4.6",
    "jsr:@panth977/tools@^2.4.4": "2.4.4",
    "npm:zod-openapi@^4.2.4": "4.2.4_zod@3.25.76",
    "npm:zod@^3.25.76": "3.25.76"
  },
  "jsr": {
    "@hono/hono@4.12.7": {
      "integrity": "d418c260eda1b1ad48bc0193b29ed1804c4fbee27cc92954c415f58743fd65e9"
    },
    "@panth977/functions@2.4.8": {
      "integrity": "ef6fe7f60e759c500645f24995da5c8da92d297d0fa6d2f532ac89029834081e",
      "dependencies": [
        "jsr:@panth977/tools",
        "npm:zod"
      ]
    },
    "@panth977/routes@2.4.6": {
      "integrity": "8f2fdc044d10433a8b90a48285c2affbf3ec58dda9274fbd57bc67de1f865635",
      "dependencies": [
        "jsr:@panth977/functions",
        "jsr:@panth977/tools",
        "npm:zod",
        "npm:zod-openapi"
      ]
    },
    "@panth977/tools@2.4.4": {
      "integrity": "d2689c368958f3594fee318d9b92b25e682d4c4c68b4ec932b4e9e70656d142b",
      "dependencies": [
        "npm:zod"
      ]
    }
  },
  "npm": {
    "zod-openapi@4.2.4_zod@3.25.76": {
      "integrity": "sha512-tsrQpbpqFCXqVXUzi3TPwFhuMtLN3oNZobOtYnK6/5VkXsNdnIgyNr4r8no4wmYluaxzN3F7iS+8xCW8BmMQ8g==",
      "dependencies": [
        "zod"
      ]
    },
    "zod@3.25.76": {
      "integrity": "sha512-gzUt/qt81nXsFGKIFcC3YnfEAx5NkunCfnDlvuBSSFS02bcXu4Lmea0AFIUwbLWxWPx3d9p8S5QoaujKcNQxcQ=="
    }
  },
  "workspace": {
    "dependencies": [
      "jsr:@hono/hono@^4.12.7",
      "jsr:@panth977/functions@^2.4.8",
      "jsr:@panth977/routes@^2.4.6",
      "jsr:@panth977/tools@^2.4.4",
      "npm:zod@^3.25.76"
    ]
  }
}
