{
  "version": "5",
  "specifiers": {
    "jsr:@panth977/functions@^2.1.0": "2.1.1",
    "jsr:@panth977/routes@^2.1.1": "2.1.1",
    "jsr:@panth977/tools@^2.1.0": "2.1.1",
    "jsr:@panth977/tools@^2.1.1": "2.1.1",
    "npm:hono@^4.12.5": "4.12.5",
    "npm:zod-openapi@^4.2.4": "4.2.4_zod@3.25.76",
    "npm:zod@^3.25.76": "3.25.76"
  },
  "jsr": {
    "@panth977/functions@2.1.1": {
      "integrity": "d8e83c791f5b5baae772c7092e624ce55d2efa182607959623a37e6fa5e6e851",
      "dependencies": [
        "jsr:@panth977/tools@^2.1.0",
        "npm:zod"
      ]
    },
    "@panth977/routes@2.1.1": {
      "integrity": "b7a43a7c2bcc1243d4c28946ea9861c30e77769f19a9909e5bbc33a048a61f74",
      "dependencies": [
        "jsr:@panth977/functions",
        "jsr:@panth977/tools@^2.1.1",
        "npm:zod",
        "npm:zod-openapi"
      ]
    },
    "@panth977/tools@2.1.1": {
      "integrity": "3bec2210ddb8be699838124c86f05bd08c8d15dc48ae51b6d7e25100bdebb502",
      "dependencies": [
        "npm:zod"
      ]
    }
  },
  "npm": {
    "hono@4.12.5": {
      "integrity": "sha512-3qq+FUBtlTHhtYxbxheZgY8NIFnkkC/MR8u5TTsr7YZ3wixryQ3cCwn3iZbg8p8B88iDBBAYSfZDS75t8MN7Vg=="
    },
    "zod-openapi@4.2.4_zod@3.25.76": {
      "integrity": "sha512-tsrQpbpqFCXqVXUzi3TPwFhuMtLN3oNZobOtYnK6/5VkXsNdnIgyNr4r8no4wmYluaxzN3F7iS+8xCW8BmMQ8g==",
      "dependencies": [
        "zod"
      ]
    },
    "zod@3.25.76": {
      "integrity": "sha512-gzUt/qt81nXsFGKIFcC3YnfEAx5NkunCfnDlvuBSSFS02bcXu4Lmea0AFIUwbLWxWPx3d9p8S5QoaujKcNQxcQ=="
    }
  },
  "workspace": {
    "dependencies": [
      "jsr:@panth977/functions@^2.1.0",
      "jsr:@panth977/routes@^2.1.1",
      "npm:hono@^4.12.5",
      "npm:zod@^3.25.76"
    ]
  }
}
